{
  "name": "new",
  "version": "1.0.0",
  "lockfileVersion": 1,
  "requires": true,
  "dependencies": {
    "bignumber.js": {
      "version": "git+https://github.com/frozeman/bignumber.js-nolookahead.git#57692b3ecfc98bbdd6b3a516cb2353652ea49934",
      "from": "git+https://github.com/frozeman/bignumber.js-nolookahead.git"
    },
    "bootstrap": {
      "version": "4.1.1",
      "resolved": "https://registry.npmjs.org/bootstrap/-/bootstrap-4.1.1.tgz",
      "integrity": "sha512-SpiDSOcbg4J/PjVSt4ny5eY6j74VbVSjROY4Fb/WIUXBV9cnb5luyR4KnPvNoXuGnBK1T+nJIWqRsvU3yP8Mcg=="
    },
    "crypto-js": {
      "version": "3.1.8",
      "resolved": "https://registry.npmjs.org/crypto-js/-/crypto-js-3.1.8.tgz",
      "integrity": "sha1-cV8HC/YBTyrpkqmLOSkli3E/CNU="
    },
    "jquery": {
      "version": "3.3.1",
      "resolved": "https://registry.npmjs.org/jquery/-/jquery-3.3.1.tgz",
      "integrity": "sha512-Ubldcmxp5np52/ENotGxlLe6aGMvmF4R8S6tZjsP6Knsaxd/xp3Zrh50cG93lR6nPXyUFwzN3ZSOQI0wRJNdGg=="
    },
    "popper.js": {
      "version": "1.14.3",
      "resolved": "https://registry.npmjs.org/popper.js/-/popper.js-1.14.3.tgz",
      "integrity": "sha1-FDj5jQRqz3tNeM1QK/QYrGTU8JU="
    },
    "utf8": {
      "version": "2.1.2",
      "resolved": "https://registry.npmjs.org/utf8/-/utf8-2.1.2.tgz",
      "integrity": "sha1-H6DZJw6b6FDZsFAn9jUZv0ZFfZY="
    },
    "web3": {
      "version": "github:ethereum/web3.js#59aae306c1c31ef6a65b9196e7f03af74c69e059",
      "from": "github:ethereum/web3.js",
      "requires": {
        "bignumber.js": "git+https://github.com/frozeman/bignumber.js-nolookahead.git#57692b3ecfc98bbdd6b3a516cb2353652ea49934",
        "crypto-js": "^3.1.4",
        "utf8": "^2.1.1",
        "xhr2": "*",
        "xmlhttprequest": "*"
      }
    },
    "xhr2": {
      "version": "0.1.4",
      "resolved": "https://registry.npmjs.org/xhr2/-/xhr2-0.1.4.tgz",
      "integrity": "sha1-f4dliEdxbbUCYyOBL4GMras4el8="
    },
    "xmlhttprequest": {
      "version": "1.8.0",
      "resolved": "https://registry.npmjs.org/xmlhttprequest/-/xmlhttprequest-1.8.0.tgz",
      "integrity": "sha1-Z/4HXFwk/vOfnWX197f+dRcZaPw="
    }
  }
}
